
Microsoft Visual Studio Solution File, Format Version 12.00
# Visual Studio Version 16
VisualStudioVersion = 16.0.31205.134
MinimumVisualStudioVersion = 10.0.40219.1
Project("{9A19103F-16F7-4668-BE54-9A1E7A4F7556}") = "ZamDBUnitTestProject", "ZamDBUnitTestProject\ZamDBUnitTestProject.csproj", "{C350AAD8-2B64-4B43-8B6B-C810A8D38CC1}"
EndProject
Project("{9A19103F-16F7-4668-BE54-9A1E7A4F7556}") = "ZamkDb", "ZamkDb-master\ZamkDb.csproj", "{0EF85FFA-D153-4510-8741-A8E0B22BBD21}"
EndProject
Global
	GlobalSection(SolutionConfigurationPlatforms) = preSolution
		Debug|Any CPU = Debug|Any CPU
		Release|Any CPU = Release|Any CPU
	EndGlobalSection
	GlobalSection(ProjectConfigurationPlatforms) = postSolution
		{C350AAD8-2B64-4B43-8B6B-C810A8D38CC1}.Debug|Any CPU.ActiveCfg = Debug|Any CPU
		{C350AAD8-2B64-4B43-8B6B-C810A8D38CC1}.Debug|Any CPU.Build.0 = Debug|Any CPU
		{C350AAD8-2B64-4B43-8B6B-C810A8D38CC1}.Release|Any CPU.ActiveCfg = Release|Any CPU
		{C350AAD8-2B64-4B43-8B6B-C810A8D38CC1}.Release|Any CPU.Build.0 = Release|Any CPU
		{0EF85FFA-D153-4510-8741-A8E0B22BBD21}.Debug|Any CPU.ActiveCfg = Debug|Any CPU
		{0EF85FFA-D153-4510-8741-A8E0B22BBD21}.Debug|Any CPU.Build.0 = Debug|Any CPU
		{0EF85FFA-D153-4510-8741-A8E0B22BBD21}.Release|Any CPU.ActiveCfg = Release|Any CPU
		{0EF85FFA-D153-4510-8741-A8E0B22BBD21}.Release|Any CPU.Build.0 = Release|Any CPU
	EndGlobalSection
	GlobalSection(SolutionProperties) = preSolution
		HideSolutionNode = FALSE
	EndGlobalSection
	GlobalSection(ExtensibilityGlobals) = postSolution
		SolutionGuid = {95BC5259-58A6-40F7-ACD6-5AD54FB7182C}
	EndGlobalSection
EndGlobal
